
Microsoft Visual Studio Solution File, Format Version 12.00
# Visual Studio 15
VisualStudioVersion = 15.0.27428.2005
Project("{FAE04EC0-301F-11D3-BF4B-00C04F79EFBC}") = "Server", "Server\Server.csproj", "{72B71C50-4117-4A00-AB34-4DF6A4D90C42}"
EndProject
Global
	GlobalSection(SolutionConfigurationPlatforms) = preSolution
		Debug|Any CPU = Debug|Any CPU
		Release|Any CPU = Release|Any CPU
	EndGlobalSection
	GlobalSection(ProjectConfigurationPlatforms) = postSolution
		{72B71C50-4117-4A00-AB34-4DF6A4D90C42}.Debug|Any CPU.ActiveCfg = Debug|Any CPU
		{72B71C50-4117-4A00-AB34-4DF6A4D90C42}.Debug|Any CPU.Build.0 = Debug|Any CPU
		{72B71C50-4117-4A00-AB34-4DF6A4D90C42}.Release|Any CPU.ActiveCfg = Release|Any CPU
		{72B71C50-4117-4A00-AB34-4DF6A4D90C42}.Release|Any CPU.Build.0 = Release|Any CPU
	EndGlobalSection
	GlobalSection(SolutionProperties) = preSolution
		HideSolutionNode = FALSE
	EndGlobalSection
	GlobalSection(ExtensibilityGlobals) = postSolution
		SolutionGuid = {AD96BA26-2CAF-4A86-9175-1ED187A91900}
	EndGlobalSection
EndGlobal
